
Microsoft Visual Studio Solution File, Format Version 12.00
# Visual Studio Version 17
VisualStudioVersion = 17.0.31903.59
MinimumVisualStudioVersion = 10.0.40219.1
Project("{2150E333-8FDC-42A3-9474-1A3956D46DE8}") = "src", "src", "{827E0CD3-B72D-47B6-A68D-7590B98EB39B}"
EndProject
Project("{2150E333-8FDC-42A3-9474-1A3956D46DE8}") = "BuildingBlocks", "BuildingBlocks", "{90298CBA-BD6F-3A0A-69D5-97CAD7B05E7E}"
EndProject
Project("{FAE04EC0-301F-11D3-BF4B-00C04F79EFBC}") = "Respondr.Contracts", "src\BuildingBlocks\Respondr.Contracts\Respondr.Contracts.csproj", "{8EE4F1C1-4DC3-49C4-A274-F35559D5CDB9}"
EndProject
Project("{FAE04EC0-301F-11D3-BF4B-00C04F79EFBC}") = "Respondr.Shared", "src\BuildingBlocks\Respondr.Shared\Respondr.Shared.csproj", "{F666ADC7-3B9F-41F2-902E-86F08251C3EC}"
EndProject
Project("{2150E333-8FDC-42A3-9474-1A3956D46DE8}") = "Core", "Core", "{8D626EA8-CB54-BC41-363A-217881BEBA6E}"
EndProject
Project("{FAE04EC0-301F-11D3-BF4B-00C04F79EFBC}") = "Respondr.Application", "src\Core\Respondr.Application\Respondr.Application.csproj", "{28DD4ED4-D9EE-48E4-BF4E-F1A711C5EA98}"
EndProject
Project("{FAE04EC0-301F-11D3-BF4B-00C04F79EFBC}") = "Respondr.Domain", "src\Core\Respondr.Domain\Respondr.Domain.csproj", "{F8529FDB-4310-407B-81FD-3D47D6D4115E}"
EndProject
Project("{FAE04EC0-301F-11D3-BF4B-00C04F79EFBC}") = "Respondr.Infrastructure", "src\Core\Respondr.Infrastructure\Respondr.Infrastructure.csproj", "{A4382053-1692-45B3-AABE-F8107AC29971}"
EndProject
Project("{2150E333-8FDC-42A3-9474-1A3956D46DE8}") = "tests", "tests", "{0AB3BF05-4346-4AA6-1389-037BE0695223}"
EndProject
Project("{FAE04EC0-301F-11D3-BF4B-00C04F79EFBC}") = "Respondr.Api.Tests", "tests\Respondr.Api.Tests\Respondr.Api.Tests.csproj", "{0CB5FB3C-69DF-407F-A5B5-F49B3DC265FC}"
EndProject
Project("{FAE04EC0-301F-11D3-BF4B-00C04F79EFBC}") = "Respondr.Application.Tests", "tests\Respondr.Application.Tests\Respondr.Application.Tests.csproj", "{C951C28C-F880-4FD2-A8FD-C4FF9F91F585}"
EndProject
Project("{FAE04EC0-301F-11D3-BF4B-00C04F79EFBC}") = "Respondr.Domain.Tests", "tests\Respondr.Domain.Tests\Respondr.Domain.Tests.csproj", "{B01FDCBF-95C0-47A4-89FF-DB31944C5496}"
EndProject
Project("{2150E333-8FDC-42A3-9474-1A3956D46DE8}") = "Hosts", "Hosts", "{C79C3622-AC92-5B3C-4F71-0BD0E7B3816F}"
EndProject
Project("{FAE04EC0-301F-11D3-BF4B-00C04F79EFBC}") = "Respondr.Dispatch.Api", "src\Hosts\Respondr.Dispatch.Api\Respondr.Dispatch.Api.csproj", "{DB2B6426-24B7-456C-B81B-4DB82097AD76}"
EndProject
Project("{FAE04EC0-301F-11D3-BF4B-00C04F79EFBC}") = "Respondr.Identity.Api", "src\Hosts\Respondr.Identity.Api\Respondr.Identity.Api.csproj", "{FBB75846-1960-459B-9624-8CC9AF252C97}"
EndProject
Project("{FAE04EC0-301F-11D3-BF4B-00C04F79EFBC}") = "Respondr.Incidents.Api", "src\Hosts\Respondr.Incidents.Api\Respondr.Incidents.Api.csproj", "{43662A06-7E55-4758-B9BF-4B1F1CAAAE07}"
EndProject
Project("{FAE04EC0-301F-11D3-BF4B-00C04F79EFBC}") = "Respondr.Notifications.Api", "src\Hosts\Respondr.Notifications.Api\Respondr.Notifications.Api.csproj", "{5940D9FB-0B3B-4749-B82F-FAAEA0AC693F}"
EndProject
Project("{FAE04EC0-301F-11D3-BF4B-00C04F79EFBC}") = "Respondr.Realtime.Api", "src\Hosts\Respondr.Realtime.Api\Respondr.Realtime.Api.csproj", "{76DCB4C2-8635-4F91-9D63-D830379732B5}"
EndProject
Project("{FAE04EC0-301F-11D3-BF4B-00C04F79EFBC}") = "Respondr.Resources.Api", "src\Hosts\Respondr.Resources.Api\Respondr.Resources.Api.csproj", "{F417478F-56CB-4870-B5E6-F258E6C3AC4D}"
EndProject
Global
	GlobalSection(SolutionConfigurationPlatforms) = preSolution
		Debug|Any CPU = Debug|Any CPU
		Debug|x64 = Debug|x64
		Debug|x86 = Debug|x86
		Release|Any CPU = Release|Any CPU
		Release|x64 = Release|x64
		Release|x86 = Release|x86
	EndGlobalSection
	GlobalSection(ProjectConfigurationPlatforms) = postSolution
		{8EE4F1C1-4DC3-49C4-A274-F35559D5CDB9}.Debug|Any CPU.ActiveCfg = Debug|Any CPU
		{8EE4F1C1-4DC3-49C4-A274-F35559D5CDB9}.Debug|Any CPU.Build.0 = Debug|Any CPU
		{8EE4F1C1-4DC3-49C4-A274-F35559D5CDB9}.Debug|x64.ActiveCfg = Debug|Any CPU
		{8EE4F1C1-4DC3-49C4-A274-F35559D5CDB9}.Debug|x64.Build.0 = Debug|Any CPU
		{8EE4F1C1-4DC3-49C4-A274-F35559D5CDB9}.Debug|x86.ActiveCfg = Debug|Any CPU
		{8EE4F1C1-4DC3-49C4-A274-F35559D5CDB9}.Debug|x86.Build.0 = Debug|Any CPU
		{8EE4F1C1-4DC3-49C4-A274-F35559D5CDB9}.Release|Any CPU.ActiveCfg = Release|Any CPU
		{8EE4F1C1-4DC3-49C4-A274-F35559D5CDB9}.Release|Any CPU.Build.0 = Release|Any CPU
		{8EE4F1C1-4DC3-49C4-A274-F35559D5CDB9}.Release|x64.ActiveCfg = Release|Any CPU
		{8EE4F1C1-4DC3-49C4-A274-F35559D5CDB9}.Release|x64.Build.0 = Release|Any CPU
		{8EE4F1C1-4DC3-49C4-A274-F35559D5CDB9}.Release|x86.ActiveCfg = Release|Any CPU
		{8EE4F1C1-4DC3-49C4-A274-F35559D5CDB9}.Release|x86.Build.0 = Release|Any CPU
		{F666ADC7-3B9F-41F2-902E-86F08251C3EC}.Debug|Any CPU.ActiveCfg = Debug|Any CPU
		{F666ADC7-3B9F-41F2-902E-86F08251C3EC}.Debug|Any CPU.Build.0 = Debug|Any CPU
		{F666ADC7-3B9F-41F2-902E-86F08251C3EC}.Debug|x64.ActiveCfg = Debug|Any CPU
		{F666ADC7-3B9F-41F2-902E-86F08251C3EC}.Debug|x64.Build.0 = Debug|Any CPU
		{F666ADC7-3B9F-41F2-902E-86F08251C3EC}.Debug|x86.ActiveCfg = Debug|Any CPU
		{F666ADC7-3B9F-41F2-902E-86F08251C3EC}.Debug|x86.Build.0 = Debug|Any CPU
		{F666ADC7-3B9F-41F2-902E-86F08251C3EC}.Release|Any CPU.ActiveCfg = Release|Any CPU
		{F666ADC7-3B9F-41F2-902E-86F08251C3EC}.Release|Any CPU.Build.0 = Release|Any CPU
		{F666ADC7-3B9F-41F2-902E-86F08251C3EC}.Release|x64.ActiveCfg = Release|Any CPU
		{F666ADC7-3B9F-41F2-902E-86F08251C3EC}.Release|x64.Build.0 = Release|Any CPU
		{F666ADC7-3B9F-41F2-902E-86F08251C3EC}.Release|x86.ActiveCfg = Release|Any CPU
		{F666ADC7-3B9F-41F2-902E-86F08251C3EC}.Release|x86.Build.0 = Release|Any CPU
		{28DD4ED4-D9EE-48E4-BF4E-F1A711C5EA98}.Debug|Any CPU.ActiveCfg = Debug|Any CPU
		{28DD4ED4-D9EE-48E4-BF4E-F1A711C5EA98}.Debug|Any CPU.Build.0 = Debug|Any CPU
		{28DD4ED4-D9EE-48E4-BF4E-F1A711C5EA98}.Debug|x64.ActiveCfg = Debug|Any CPU
		{28DD4ED4-D9EE-48E4-BF4E-F1A711C5EA98}.Debug|x64.Build.0 = Debug|Any CPU
		{28DD4ED4-D9EE-48E4-BF4E-F1A711C5EA98}.Debug|x86.ActiveCfg = Debug|Any CPU
		{28DD4ED4-D9EE-48E4-BF4E-F1A711C5EA98}.Debug|x86.Build.0 = Debug|Any CPU
		{28DD4ED4-D9EE-48E4-BF4E-F1A711C5EA98}.Release|Any CPU.ActiveCfg = Release|Any CPU
		{28DD4ED4-D9EE-48E4-BF4E-F1A711C5EA98}.Release|Any CPU.Build.0 = Release|Any CPU
		{28DD4ED4-D9EE-48E4-BF4E-F1A711C5EA98}.Release|x64.ActiveCfg = Release|Any CPU
		{28DD4ED4-D9EE-48E4-BF4E-F1A711C5EA98}.Release|x64.Build.0 = Release|Any CPU
		{28DD4ED4-D9EE-48E4-BF4E-F1A711C5EA98}.Release|x86.ActiveCfg = Release|Any CPU
		{28DD4ED4-D9EE-48E4-BF4E-F1A711C5EA98}.Release|x86.Build.0 = Release|Any CPU
		{F8529FDB-4310-407B-81FD-3D47D6D4115E}.Debug|Any CPU.ActiveCfg = Debug|Any CPU
		{F8529FDB-4310-407B-81FD-3D47D6D4115E}.Debug|Any CPU.Build.0 = Debug|Any CPU
		{F8529FDB-4310-407B-81FD-3D47D6D4115E}.Debug|x64.ActiveCfg = Debug|Any CPU
		{F8529FDB-4310-407B-81FD-3D47D6D4115E}.Debug|x64.Build.0 = Debug|Any CPU
		{F8529FDB-4310-407B-81FD-3D47D6D4115E}.Debug|x86.ActiveCfg = Debug|Any CPU
		{F8529FDB-4310-407B-81FD-3D47D6D4115E}.Debug|x86.Build.0 = Debug|Any CPU
		{F8529FDB-4310-407B-81FD-3D47D6D4115E}.Release|Any CPU.ActiveCfg = Release|Any CPU
		{F8529FDB-4310-407B-81FD-3D47D6D4115E}.Release|Any CPU.Build.0 = Release|Any CPU
		{F8529FDB-4310-407B-81FD-3D47D6D4115E}.Release|x64.ActiveCfg = Release|Any CPU
		{F8529FDB-4310-407B-81FD-3D47D6D4115E}.Release|x64.Build.0 = Release|Any CPU
		{F8529FDB-4310-407B-81FD-3D47D6D4115E}.Release|x86.ActiveCfg = Release|Any CPU
		{F8529FDB-4310-407B-81FD-3D47D6D4115E}.Release|x86.Build.0 = Release|Any CPU
		{A4382053-1692-45B3-AABE-F8107AC29971}.Debug|Any CPU.ActiveCfg = Debug|Any CPU
		{A4382053-1692-45B3-AABE-F8107AC29971}.Debug|Any CPU.Build.0 = Debug|Any CPU
		{A4382053-1692-45B3-AABE-F8107AC29971}.Debug|x64.ActiveCfg = Debug|Any CPU
		{A4382053-1692-45B3-AABE-F8107AC29971}.Debug|x64.Build.0 = Debug|Any CPU
		{A4382053-1692-45B3-AABE-F8107AC29971}.Debug|x86.ActiveCfg = Debug|Any CPU
		{A4382053-1692-45B3-AABE-F8107AC29971}.Debug|x86.Build.0 = Debug|Any CPU
		{A4382053-1692-45B3-AABE-F8107AC29971}.Release|Any CPU.ActiveCfg = Release|Any CPU
		{A4382053-1692-45B3-AABE-F8107AC29971}.Release|Any CPU.Build.0 = Release|Any CPU
		{A4382053-1692-45B3-AABE-F8107AC29971}.Release|x64.ActiveCfg = Release|Any CPU
		{A4382053-1692-45B3-AABE-F8107AC29971}.Release|x64.Build.0 = Release|Any CPU
		{A4382053-1692-45B3-AABE-F8107AC29971}.Release|x86.ActiveCfg = Release|Any CPU
		{A4382053-1692-45B3-AABE-F8107AC29971}.Release|x86.Build.0 = Release|Any CPU
		{0CB5FB3C-69DF-407F-A5B5-F49B3DC265FC}.Debug|Any CPU.ActiveCfg = Debug|Any CPU
		{0CB5FB3C-69DF-407F-A5B5-F49B3DC265FC}.Debug|Any CPU.Build.0 = Debug|Any CPU
		{0CB5FB3C-69DF-407F-A5B5-F49B3DC265FC}.Debug|x64.ActiveCfg = Debug|Any CPU
		{0CB5FB3C-69DF-407F-A5B5-F49B3DC265FC}.Debug|x64.Build.0 = Debug|Any CPU
		{0CB5FB3C-69DF-407F-A5B5-F49B3DC265FC}.Debug|x86.ActiveCfg = Debug|Any CPU
		{0CB5FB3C-69DF-407F-A5B5-F49B3DC265FC}.Debug|x86.Build.0 = Debug|Any CPU
		{0CB5FB3C-69DF-407F-A5B5-F49B3DC265FC}.Release|Any CPU.ActiveCfg = Release|Any CPU
		{0CB5FB3C-69DF-407F-A5B5-F49B3DC265FC}.Release|Any CPU.Build.0 = Release|Any CPU
		{0CB5FB3C-69DF-407F-A5B5-F49B3DC265FC}.Release|x64.ActiveCfg = Release|Any CPU
		{0CB5FB3C-69DF-407F-A5B5-F49B3DC265FC}.Release|x64.Build.0 = Release|Any CPU
		{0CB5FB3C-69DF-407F-A5B5-F49B3DC265FC}.Release|x86.ActiveCfg = Release|Any CPU
		{0CB5FB3C-69DF-407F-A5B5-F49B3DC265FC}.Release|x86.Build.0 = Release|Any CPU
		{C951C28C-F880-4FD2-A8FD-C4FF9F91F585}.Debug|Any CPU.ActiveCfg = Debug|Any CPU
		{C951C28C-F880-4FD2-A8FD-C4FF9F91F585}.Debug|Any CPU.Build.0 = Debug|Any CPU
		{C951C28C-F880-4FD2-A8FD-C4FF9F91F585}.Debug|x64.ActiveCfg = Debug|Any CPU
		{C951C28C-F880-4FD2-A8FD-C4FF9F91F585}.Debug|x64.Build.0 = Debug|Any CPU
		{C951C28C-F880-4FD2-A8FD-C4FF9F91F585}.Debug|x86.ActiveCfg = Debug|Any CPU
		{C951C28C-F880-4FD2-A8FD-C4FF9F91F585}.Debug|x86.Build.0 = Debug|Any CPU
		{C951C28C-F880-4FD2-A8FD-C4FF9F91F585}.Release|Any CPU.ActiveCfg = Release|Any CPU
		{C951C28C-F880-4FD2-A8FD-C4FF9F91F585}.Release|Any CPU.Build.0 = Release|Any CPU
		{C951C28C-F880-4FD2-A8FD-C4FF9F91F585}.Release|x64.ActiveCfg = Release|Any CPU
		{C951C28C-F880-4FD2-A8FD-C4FF9F91F585}.Release|x64.Build.0 = Release|Any CPU
		{C951C28C-F880-4FD2-A8FD-C4FF9F91F585}.Release|x86.ActiveCfg = Release|Any CPU
		{C951C28C-F880-4FD2-A8FD-C4FF9F91F585}.Release|x86.Build.0 = Release|Any CPU
		{B01FDCBF-95C0-47A4-89FF-DB31944C5496}.Debug|Any CPU.ActiveCfg = Debug|Any CPU
		{B01FDCBF-95C0-47A4-89FF-DB31944C5496}.Debug|Any CPU.Build.0 = Debug|Any CPU
		{B01FDCBF-95C0-47A4-89FF-DB31944C5496}.Debug|x64.ActiveCfg = Debug|Any CPU
		{B01FDCBF-95C0-47A4-89FF-DB31944C5496}.Debug|x64.Build.0 = Debug|Any CPU
		{B01FDCBF-95C0-47A4-89FF-DB31944C5496}.Debug|x86.ActiveCfg = Debug|Any CPU
		{B01FDCBF-95C0-47A4-89FF-DB31944C5496}.Debug|x86.Build.0 = Debug|Any CPU
		{B01FDCBF-95C0-47A4-89FF-DB31944C5496}.Release|Any CPU.ActiveCfg = Release|Any CPU
		{B01FDCBF-95C0-47A4-89FF-DB31944C5496}.Release|Any CPU.Build.0 = Release|Any CPU
		{B01FDCBF-95C0-47A4-89FF-DB31944C5496}.Release|x64.ActiveCfg = Release|Any CPU
		{B01FDCBF-95C0-47A4-89FF-DB31944C5496}.Release|x64.Build.0 = Release|Any CPU
		{B01FDCBF-95C0-47A4-89FF-DB31944C5496}.Release|x86.ActiveCfg = Release|Any CPU
		{B01FDCBF-95C0-47A4-89FF-DB31944C5496}.Release|x86.Build.0 = Release|Any CPU
		{DB2B6426-24B7-456C-B81B-4DB82097AD76}.Debug|Any CPU.ActiveCfg = Debug|Any CPU
		{DB2B6426-24B7-456C-B81B-4DB82097AD76}.Debug|Any CPU.Build.0 = Debug|Any CPU
		{DB2B6426-24B7-456C-B81B-4DB82097AD76}.Debug|x64.ActiveCfg = Debug|Any CPU
		{DB2B6426-24B7-456C-B81B-4DB82097AD76}.Debug|x64.Build.0 = Debug|Any CPU
		{DB2B6426-24B7-456C-B81B-4DB82097AD76}.Debug|x86.ActiveCfg = Debug|Any CPU
		{DB2B6426-24B7-456C-B81B-4DB82097AD76}.Debug|x86.Build.0 = Debug|Any CPU
		{DB2B6426-24B7-456C-B81B-4DB82097AD76}.Release|Any CPU.ActiveCfg = Release|Any CPU
		{DB2B6426-24B7-456C-B81B-4DB82097AD76}.Release|Any CPU.Build.0 = Release|Any CPU
		{DB2B6426-24B7-456C-B81B-4DB82097AD76}.Release|x64.ActiveCfg = Release|Any CPU
		{DB2B6426-24B7-456C-B81B-4DB82097AD76}.Release|x64.Build.0 = Release|Any CPU
		{DB2B6426-24B7-456C-B81B-4DB82097AD76}.Release|x86.ActiveCfg = Release|Any CPU
		{DB2B6426-24B7-456C-B81B-4DB82097AD76}.Release|x86.Build.0 = Release|Any CPU
		{FBB75846-1960-459B-9624-8CC9AF252C97}.Debug|Any CPU.ActiveCfg = Debug|Any CPU
		{FBB75846-1960-459B-9624-8CC9AF252C97}.Debug|Any CPU.Build.0 = Debug|Any CPU
		{FBB75846-1960-459B-9624-8CC9AF252C97}.Debug|x64.ActiveCfg = Debug|Any CPU
		{FBB75846-1960-459B-9624-8CC9AF252C97}.Debug|x64.Build.0 = Debug|Any CPU
		{FBB75846-1960-459B-9624-8CC9AF252C97}.Debug|x86.ActiveCfg = Debug|Any CPU
		{FBB75846-1960-459B-9624-8CC9AF252C97}.Debug|x86.Build.0 = Debug|Any CPU
		{FBB75846-1960-459B-9624-8CC9AF252C97}.Release|Any CPU.ActiveCfg = Release|Any CPU
		{FBB75846-1960-459B-9624-8CC9AF252C97}.Release|Any CPU.Build.0 = Release|Any CPU
		{FBB75846-1960-459B-9624-8CC9AF252C97}.Release|x64.ActiveCfg = Release|Any CPU
		{FBB75846-1960-459B-9624-8CC9AF252C97}.Release|x64.Build.0 = Release|Any CPU
		{FBB75846-1960-459B-9624-8CC9AF252C97}.Release|x86.ActiveCfg = Release|Any CPU
		{FBB75846-1960-459B-9624-8CC9AF252C97}.Release|x86.Build.0 = Release|Any CPU
		{43662A06-7E55-4758-B9BF-4B1F1CAAAE07}.Debug|Any CPU.ActiveCfg = Debug|Any CPU
		{43662A06-7E55-4758-B9BF-4B1F1CAAAE07}.Debug|Any CPU.Build.0 = Debug|Any CPU
		{43662A06-7E55-4758-B9BF-4B1F1CAAAE07}.Debug|x64.ActiveCfg = Debug|Any CPU
		{43662A06-7E55-4758-B9BF-4B1F1CAAAE07}.Debug|x64.Build.0 = Debug|Any CPU
		{43662A06-7E55-4758-B9BF-4B1F1CAAAE07}.Debug|x86.ActiveCfg = Debug|Any CPU
		{43662A06-7E55-4758-B9BF-4B1F1CAAAE07}.Debug|x86.Build.0 = Debug|Any CPU
		{43662A06-7E55-4758-B9BF-4B1F1CAAAE07}.Release|Any CPU.ActiveCfg = Release|Any CPU
		{43662A06-7E55-4758-B9BF-4B1F1CAAAE07}.Release|Any CPU.Build.0 = Release|Any CPU
		{43662A06-7E55-4758-B9BF-4B1F1CAAAE07}.Release|x64.ActiveCfg = Release|Any CPU
		{43662A06-7E55-4758-B9BF-4B1F1CAAAE07}.Release|x64.Build.0 = Release|Any CPU
		{43662A06-7E55-4758-B9BF-4B1F1CAAAE07}.Release|x86.ActiveCfg = Release|Any CPU
		{43662A06-7E55-4758-B9BF-4B1F1CAAAE07}.Release|x86.Build.0 = Release|Any CPU
		{5940D9FB-0B3B-4749-B82F-FAAEA0AC693F}.Debug|Any CPU.ActiveCfg = Debug|Any CPU
		{5940D9FB-0B3B-4749-B82F-FAAEA0AC693F}.Debug|Any CPU.Build.0 = Debug|Any CPU
		{5940D9FB-0B3B-4749-B82F-FAAEA0AC693F}.Debug|x64.ActiveCfg = Debug|Any CPU
		{5940D9FB-0B3B-4749-B82F-FAAEA0AC693F}.Debug|x64.Build.0 = Debug|Any CPU
		{5940D9FB-0B3B-4749-B82F-FAAEA0AC693F}.Debug|x86.ActiveCfg = Debug|Any CPU
		{5940D9FB-0B3B-4749-B82F-FAAEA0AC693F}.Debug|x86.Build.0 = Debug|Any CPU
		{5940D9FB-0B3B-4749-B82F-FAAEA0AC693F}.Release|Any CPU.ActiveCfg = Release|Any CPU
		{5940D9FB-0B3B-4749-B82F-FAAEA0AC693F}.Release|Any CPU.Build.0 = Release|Any CPU
		{5940D9FB-0B3B-4749-B82F-FAAEA0AC693F}.Release|x64.ActiveCfg = Release|Any CPU
		{5940D9FB-0B3B-4749-B82F-FAAEA0AC693F}.Release|x64.Build.0 = Release|Any CPU
		{5940D9FB-0B3B-4749-B82F-FAAEA0AC693F}.Release|x86.ActiveCfg = Release|Any CPU
		{5940D9FB-0B3B-4749-B82F-FAAEA0AC693F}.Release|x86.Build.0 = Release|Any CPU
		{76DCB4C2-8635-4F91-9D63-D830379732B5}.Debug|Any CPU.ActiveCfg = Debug|Any CPU
		{76DCB4C2-8635-4F91-9D63-D830379732B5}.Debug|Any CPU.Build.0 = Debug|Any CPU
		{76DCB4C2-8635-4F91-9D63-D830379732B5}.Debug|x64.ActiveCfg = Debug|Any CPU
		{76DCB4C2-8635-4F91-9D63-D830379732B5}.Debug|x64.Build.0 = Debug|Any CPU
		{76DCB4C2-8635-4F91-9D63-D830379732B5}.Debug|x86.ActiveCfg = Debug|Any CPU
		{76DCB4C2-8635-4F91-9D63-D830379732B5}.Debug|x86.Build.0 = Debug|Any CPU
		{76DCB4C2-8635-4F91-9D63-D830379732B5}.Release|Any CPU.ActiveCfg = Release|Any CPU
		{76DCB4C2-8635-4F91-9D63-D830379732B5}.Release|Any CPU.Build.0 = Release|Any CPU
		{76DCB4C2-8635-4F91-9D63-D830379732B5}.Release|x64.ActiveCfg = Release|Any CPU
		{76DCB4C2-8635-4F91-9D63-D830379732B5}.Release|x64.Build.0 = Release|Any CPU
		{76DCB4C2-8635-4F91-9D63-D830379732B5}.Release|x86.ActiveCfg = Release|Any CPU
		{76DCB4C2-8635-4F91-9D63-D830379732B5}.Release|x86.Build.0 = Release|Any CPU
		{F417478F-56CB-4870-B5E6-F258E6C3AC4D}.Debug|Any CPU.ActiveCfg = Debug|Any CPU
		{F417478F-56CB-4870-B5E6-F258E6C3AC4D}.Debug|Any CPU.Build.0 = Debug|Any CPU
		{F417478F-56CB-4870-B5E6-F258E6C3AC4D}.Debug|x64.ActiveCfg = Debug|Any CPU
		{F417478F-56CB-4870-B5E6-F258E6C3AC4D}.Debug|x64.Build.0 = Debug|Any CPU
		{F417478F-56CB-4870-B5E6-F258E6C3AC4D}.Debug|x86.ActiveCfg = Debug|Any CPU
		{F417478F-56CB-4870-B5E6-F258E6C3AC4D}.Debug|x86.Build.0 = Debug|Any CPU
		{F417478F-56CB-4870-B5E6-F258E6C3AC4D}.Release|Any CPU.ActiveCfg = Release|Any CPU
		{F417478F-56CB-4870-B5E6-F258E6C3AC4D}.Release|Any CPU.Build.0 = Release|Any CPU
		{F417478F-56CB-4870-B5E6-F258E6C3AC4D}.Release|x64.ActiveCfg = Release|Any CPU
		{F417478F-56CB-4870-B5E6-F258E6C3AC4D}.Release|x64.Build.0 = Release|Any CPU
		{F417478F-56CB-4870-B5E6-F258E6C3AC4D}.Release|x86.ActiveCfg = Release|Any CPU
		{F417478F-56CB-4870-B5E6-F258E6C3AC4D}.Release|x86.Build.0 = Release|Any CPU
	EndGlobalSection
	GlobalSection(SolutionProperties) = preSolution
		HideSolutionNode = FALSE
	EndGlobalSection
	GlobalSection(NestedProjects) = preSolution
		{90298CBA-BD6F-3A0A-69D5-97CAD7B05E7E} = {827E0CD3-B72D-47B6-A68D-7590B98EB39B}
		{8EE4F1C1-4DC3-49C4-A274-F35559D5CDB9} = {90298CBA-BD6F-3A0A-69D5-97CAD7B05E7E}
		{F666ADC7-3B9F-41F2-902E-86F08251C3EC} = {90298CBA-BD6F-3A0A-69D5-97CAD7B05E7E}
		{8D626EA8-CB54-BC41-363A-217881BEBA6E} = {827E0CD3-B72D-47B6-A68D-7590B98EB39B}
		{28DD4ED4-D9EE-48E4-BF4E-F1A711C5EA98} = {8D626EA8-CB54-BC41-363A-217881BEBA6E}
		{F8529FDB-4310-407B-81FD-3D47D6D4115E} = {8D626EA8-CB54-BC41-363A-217881BEBA6E}
		{A4382053-1692-45B3-AABE-F8107AC29971} = {8D626EA8-CB54-BC41-363A-217881BEBA6E}
		{0CB5FB3C-69DF-407F-A5B5-F49B3DC265FC} = {0AB3BF05-4346-4AA6-1389-037BE0695223}
		{C951C28C-F880-4FD2-A8FD-C4FF9F91F585} = {0AB3BF05-4346-4AA6-1389-037BE0695223}
		{B01FDCBF-95C0-47A4-89FF-DB31944C5496} = {0AB3BF05-4346-4AA6-1389-037BE0695223}
		{C79C3622-AC92-5B3C-4F71-0BD0E7B3816F} = {827E0CD3-B72D-47B6-A68D-7590B98EB39B}
		{DB2B6426-24B7-456C-B81B-4DB82097AD76} = {C79C3622-AC92-5B3C-4F71-0BD0E7B3816F}
		{FBB75846-1960-459B-9624-8CC9AF252C97} = {C79C3622-AC92-5B3C-4F71-0BD0E7B3816F}
		{43662A06-7E55-4758-B9BF-4B1F1CAAAE07} = {C79C3622-AC92-5B3C-4F71-0BD0E7B3816F}
		{5940D9FB-0B3B-4749-B82F-FAAEA0AC693F} = {C79C3622-AC92-5B3C-4F71-0BD0E7B3816F}
		{76DCB4C2-8635-4F91-9D63-D830379732B5} = {C79C3622-AC92-5B3C-4F71-0BD0E7B3816F}
		{F417478F-56CB-4870-B5E6-F258E6C3AC4D} = {C79C3622-AC92-5B3C-4F71-0BD0E7B3816F}
	EndGlobalSection
EndGlobal
